
Microsoft Visual Studio Solution File, Format Version 12.00
# Visual Studio Version 16
VisualStudioVersion = 16.0.32602.290
MinimumVisualStudioVersion = 10.0.40219.1
Project("{FAE04EC0-301F-11D3-BF4B-00C04F79EFBC}") = "Tema2-Opacidad", "Tema2-Opacidad\Tema2-Opacidad.csproj", "{08EABC42-01AD-40DF-B56B-DCD13DEDEC9D}"
EndProject
Global
	GlobalSection(SolutionConfigurationPlatforms) = preSolution
		Debug|Any CPU = Debug|Any CPU
		Release|Any CPU = Release|Any CPU
	EndGlobalSection
	GlobalSection(ProjectConfigurationPlatforms) = postSolution
		{08EABC42-01AD-40DF-B56B-DCD13DEDEC9D}.Debug|Any CPU.ActiveCfg = Debug|Any CPU
		{08EABC42-01AD-40DF-B56B-DCD13DEDEC9D}.Debug|Any CPU.Build.0 = Debug|Any CPU
		{08EABC42-01AD-40DF-B56B-DCD13DEDEC9D}.Release|Any CPU.ActiveCfg = Release|Any CPU
		{08EABC42-01AD-40DF-B56B-DCD13DEDEC9D}.Release|Any CPU.Build.0 = Release|Any CPU
	EndGlobalSection
	GlobalSection(SolutionProperties) = preSolution
		HideSolutionNode = FALSE
	EndGlobalSection
	GlobalSection(ExtensibilityGlobals) = postSolution
		SolutionGuid = {D47004F8-1563-4E82-AEE1-BC8B466BBFDE}
	EndGlobalSection
EndGlobal
